
Microsoft Visual Studio Solution File, Format Version 12.00
# Visual Studio Version 17
VisualStudioVersion = 17.13.35931.197 d17.13
MinimumVisualStudioVersion = 10.0.40219.1
Project("{FAE04EC0-301F-11D3-BF4B-00C04F79EFBC}") = "meal_menu_api", "meal_menu_api.csproj", "{655A8089-0DE0-41DE-82CD-FDD95E90DFB5}"
EndProject
Global
	GlobalSection(SolutionConfigurationPlatforms) = preSolution
		Debug|Any CPU = Debug|Any CPU
		Release|Any CPU = Release|Any CPU
	EndGlobalSection
	GlobalSection(ProjectConfigurationPlatforms) = postSolution
		{655A8089-0DE0-41DE-82CD-FDD95E90DFB5}.Debug|Any CPU.ActiveCfg = Debug|Any CPU
		{655A8089-0DE0-41DE-82CD-FDD95E90DFB5}.Debug|Any CPU.Build.0 = Debug|Any CPU
		{655A8089-0DE0-41DE-82CD-FDD95E90DFB5}.Release|Any CPU.ActiveCfg = Release|Any CPU
		{655A8089-0DE0-41DE-82CD-FDD95E90DFB5}.Release|Any CPU.Build.0 = Release|Any CPU
	EndGlobalSection
	GlobalSection(SolutionProperties) = preSolution
		HideSolutionNode = FALSE
	EndGlobalSection
	GlobalSection(ExtensibilityGlobals) = postSolution
		SolutionGuid = {4831E9BF-BF24-405C-87AA-10020E5E07C8}
	EndGlobalSection
EndGlobal
